// !$*UTF8*$!
{
	archiveVersion = 1;
	classes = {
	};
	objectVersion = 50;
	objects = {

/* Begin PBXBuildFile section */
		B750EAD421428820005D923B /* AppDelegate.swift in Sources */ = {isa = PBXBuildFile; fileRef = B750EAD321428820005D923B /* AppDelegate.swift */; };
		B750EAD621428820005D923B /* ViewController.swift in Sources */ = {isa = PBXBuildFile; fileRef = B750EAD521428820005D923B /* ViewController.swift */; };
		B750EAD921428820005D923B /* Main.storyboard in Resources */ = {isa = PBXBuildFile; fileRef = B750EAD721428820005D923B /* Main.storyboard */; };
		B750EADB21428822005D923B /* Assets.xcassets in Resources */ = {isa = PBXBuildFile; fileRef = B750EADA21428822005D923B /* Assets.xcassets */; };
		B750EADE21428822005D923B /* LaunchScreen.storyboard in Resources */ = {isa = PBXBuildFile; fileRef = B750EADC21428822005D923B /* LaunchScreen.storyboard */; };
		B750EAE921428822005D923B /* mdb_mp1_meettheteamTests.swift in Sources */ = {isa = PBXBuildFile; fileRef = B750EAE821428822005D923B /* mdb_mp1_meettheteamTests.swift */; };
		B750EAF421428822005D923B /* mdb_mp1_meettheteamUITests.swift in Sources */ = {isa = PBXBuildFile; fileRef = B750EAF321428822005D923B /* mdb_mp1_meettheteamUITests.swift */; };
		B750EB0221428DDB005D923B /* constants.swift in Sources */ = {isa = PBXBuildFile; fileRef = B750EB0121428DDB005D923B /* constants.swift */; };
/* End PBXBuildFile section */

/* Begin PBXContainerItemProxy section */
		B750EAE521428822005D923B /* PBXContainerItemProxy */ = {
			isa = PBXContainerItemProxy;
			containerPortal = B750EAC821428820005D923B /* Project object */;
			proxyType = 1;
			remoteGlobalIDString = B750EACF21428820005D923B;
			remoteInfo = mdb_mp1_meettheteam;
		};
		B750EAF021428822005D923B /* PBXContainerItemProxy */ = {
			isa = PBXContainerItemProxy;
			containerPortal = B750EAC821428820005D923B /* Project object */;
			proxyType = 1;
			remoteGlobalIDString = B750EACF21428820005D923B;
			remoteInfo = mdb_mp1_meettheteam;
		};
/* End PBXContainerItemProxy section */

/* Begin PBXFileReference section */
		B750EAD021428820005D923B /* mdb_mp1_meettheteam.app */ = {isa = PBXFileReference; explicitFileType = wrapper.application; includeInIndex = 0; path = mdb_mp1_meettheteam.app; sourceTree = BUILT_PRODUCTS_DIR; };
		B750EAD321428820005D923B /* AppDelegate.swift */ = {isa = PBXFileReference; lastKnownFileType = sourcecode.swift; path = AppDelegate.swift; sourceTree = "<group>"; };
		B750EAD521428820005D923B /* ViewController.swift */ = {isa = PBXFileReference; lastKnownFileType = sourcecode.swift; path = ViewController.swift; sourceTree = "<group>"; };
		B750EAD821428820005D923B /* Base */ = {isa = PBXFileReference; lastKnownFileType = file.storyboard; name = Base; path = Base.lproj/Main.storyboard; sourceTree = "<group>"; };
		B750EADA21428822005D923B /* Assets.xcassets */ = {isa = PBXFileReference; lastKnownFileType = folder.assetcatalog; path = Assets.xcassets; sourceTree = "<group>"; };
		B750EADD21428822005D923B /* Base */ = {isa = PBXFileReference; lastKnownFileType = file.storyboard; name = Base; path = Base.lproj/LaunchScreen.storyboard; sourceTree = "<group>"; };
		B750EADF21428822005D923B /* Info.plist */ = {isa = PBXFileReference; lastKnownFileType = text.plist.xml; path = Info.plist; sourceTree = "<group>"; };
		B750EAE421428822005D923B /* mdb_mp1_meettheteamTests.xctest */ = {isa = PBXFileReference; explicitFileType = wrapper.cfbundle; includeInIndex = 0; path = mdb_mp1_meettheteamTests.xctest; sourceTree = BUILT_PRODUCTS_DIR; };
		B750EAE821428822005D923B /* mdb_mp1_meettheteamTests.swift */ = {isa = PBXFileReference; lastKnownFileType = sourcecode.swift; path = mdb_mp1_meettheteamTests.swift; sourceTree = "<group>"; };
		B750EAEA21428822005D923B /* Info.plist */ = {isa = PBXFileReference; lastKnownFileType = text.plist.xml; path = Info.plist; sourceTree = "<group>"; };
		B750EAEF21428822005D923B /* mdb_mp1_meettheteamUITests.xctest */ = {isa = PBXFileReference; explicitFileType = wrapper.cfbundle; includeInIndex = 0; path = mdb_mp1_meettheteamUITests.xctest; sourceTree = BUILT_PRODUCTS_DIR; };
		B750EAF321428822005D923B /* mdb_mp1_meettheteamUITests.swift */ = {isa = PBXFileReference; lastKnownFileType = sourcecode.swift; path = mdb_mp1_meettheteamUITests.swift; sourceTree = "<group>"; };
		B750EAF521428822005D923B /* Info.plist */ = {isa = PBXFileReference; lastKnownFileType = text.plist.xml; path = Info.plist; sourceTree = "<group>"; };
		B750EB0121428DDB005D923B /* constants.swift */ = {isa = PBXFileReference; lastKnownFileType = sourcecode.swift; path = constants.swift; sourceTree = "<group>"; };
/* End PBXFileReference section */

/* Begin PBXFrameworksBuildPhase section */
		B750EACD21428820005D923B /* Frameworks */ = {
			isa = PBXFrameworksBuildPhase;
			buildActionMask = 2147483647;
			files = (
			);
			runOnlyForDeploymentPostprocessing = 0;
		};
		B750EAE121428822005D923B /* Frameworks */ = {
			isa = PBXFrameworksBuildPhase;
			buildActionMask = 2147483647;
			files = (
			);
			runOnlyForDeploymentPostprocessing = 0;
		};
		B750EAEC21428822005D923B /* Frameworks */ = {
			isa = PBXFrameworksBuildPhase;
			buildActionMask = 2147483647;
			files = (
			);
			runOnlyForDeploymentPostprocessing = 0;
		};
/* End PBXFrameworksBuildPhase section */

/* Begin PBXGroup section */
		B750EAC721428820005D923B = {
			isa = PBXGroup;
			children = (
				B750EAD221428820005D923B /* mdb_mp1_meettheteam */,
				B750EAE721428822005D923B /* mdb_mp1_meettheteamTests */,
				B750EAF221428822005D923B /* mdb_mp1_meettheteamUITests */,
				B750EAD121428820005D923B /* Products */,
			);
			sourceTree = "<group>";
		};
		B750EAD121428820005D923B /* Products */ = {
			isa = PBXGroup;
			children = (
				B750EAD021428820005D923B /* mdb_mp1_meettheteam.app */,
				B750EAE421428822005D923B /* mdb_mp1_meettheteamTests.xctest */,
				B750EAEF21428822005D923B /* mdb_mp1_meettheteamUITests.xctest */,
			);
			name = Products;
			sourceTree = "<group>";
		};
		B750EAD221428820005D923B /* mdb_mp1_meettheteam */ = {
			isa = PBXGroup;
			children = (
				B750EAD321428820005D923B /* AppDelegate.swift */,
				B750EAD521428820005D923B /* ViewController.swift */,
				B750EB0121428DDB005D923B /* constants.swift */,
				B750EAD721428820005D923B /* Main.storyboard */,
				B750EADA21428822005D923B /* Assets.xcassets */,
				B750EADC21428822005D923B /* LaunchScreen.storyboard */,
				B750EADF21428822005D923B /* Info.plist */,
			);
			path = mdb_mp1_meettheteam;
			sourceTree = "<group>";
		};
		B750EAE721428822005D923B /* mdb_mp1_meettheteamTests */ = {
			isa = PBXGroup;
			children = (
				B750EAE821428822005D923B /* mdb_mp1_meettheteamTests.swift */,
				B750EAEA21428822005D923B /* Info.plist */,
			);
			path = mdb_mp1_meettheteamTests;
			sourceTree = "<group>";
		};
		B750EAF221428822005D923B /* mdb_mp1_meettheteamUITests */ = {
			isa = PBXGroup;
			children = (
				B750EAF321428822005D923B /* mdb_mp1_meettheteamUITests.swift */,
				B750EAF521428822005D923B /* Info.plist */,
			);
			path = mdb_mp1_meettheteamUITests;
			sourceTree = "<group>";
		};
/* End PBXGroup section */

/* Begin PBXNativeTarget section */
		B750EACF21428820005D923B /* mdb_mp1_meettheteam */ = {
			isa = PBXNativeTarget;
			buildConfigurationList = B750EAF821428822005D923B /* Build configuration list for PBXNativeTarget "mdb_mp1_meettheteam" */;
			buildPhases = (
				B750EACC21428820005D923B /* Sources */,
				B750EACD21428820005D923B /* Frameworks */,
				B750EACE21428820005D923B /* Resources */,
			);
			buildRules = (
			);
			dependencies = (
			);
			name = mdb_mp1_meettheteam;
			productName = mdb_mp1_meettheteam;
			productReference = B750EAD021428820005D923B /* mdb_mp1_meettheteam.app */;
			productType = "com.apple.product-type.application";
		};
		B750EAE321428822005D923B /* mdb_mp1_meettheteamTests */ = {
			isa = PBXNativeTarget;
			buildConfigurationList = B750EAFB21428822005D923B /* Build configuration list for PBXNativeTarget "mdb_mp1_meettheteamTests" */;
			buildPhases = (
				B750EAE021428822005D923B /* Sources */,
				B750EAE121428822005D923B /* Frameworks */,
				B750EAE221428822005D923B /* Resources */,
			);
			buildRules = (
			);
			dependencies = (
				B750EAE621428822005D923B /* PBXTargetDependency */,
			);
			name = mdb_mp1_meettheteamTests;
			productName = mdb_mp1_meettheteamTests;
			productReference = B750EAE421428822005D923B /* mdb_mp1_meettheteamTests.xctest */;
			productType = "com.apple.product-type.bundle.unit-test";
		};
		B750EAEE21428822005D923B /* mdb_mp1_meettheteamUITests */ = {
			isa = PBXNativeTarget;
			buildConfigurationList = B750EAFE21428822005D923B /* Build configuration list for PBXNativeTarget "mdb_mp1_meettheteamUITests" */;
			buildPhases = (
				B750EAEB21428822005D923B /* Sources */,
				B750EAEC21428822005D923B /* Frameworks */,
				B750EAED21428822005D923B /* Resources */,
			);
			buildRules = (
			);
			dependencies = (
				B750EAF121428822005D923B /* PBXTargetDependency */,
			);
			name = mdb_mp1_meettheteamUITests;
			productName = mdb_mp1_meettheteamUITests;
			productReference = B750EAEF21428822005D923B /* mdb_mp1_meettheteamUITests.xctest */;
			productType = "com.apple.product-type.bundle.ui-testing";
		};
/* End PBXNativeTarget section */

/* Begin PBXProject section */
		B750EAC821428820005D923B /* Project object */ = {
			isa = PBXProject;
			attributes = {
				LastSwiftUpdateCheck = 0940;
				LastUpgradeCheck = 0940;
				ORGANIZATIONNAME = "Ajay Raj Merchia";
				TargetAttributes = {
					B750EACF21428820005D923B = {
						CreatedOnToolsVersion = 9.4.1;
					};
					B750EAE321428822005D923B = {
						CreatedOnToolsVersion = 9.4.1;
						TestTargetID = B750EACF21428820005D923B;
					};
					B750EAEE21428822005D923B = {
						CreatedOnToolsVersion = 9.4.1;
						TestTargetID = B750EACF21428820005D923B;
					};
				};
			};
			buildConfigurationList = B750EACB21428820005D923B /* Build configuration list for PBXProject "mdb_mp1_meettheteam" */;
			compatibilityVersion = "Xcode 9.3";
			developmentRegion = en;
			hasScannedForEncodings = 0;
			knownRegions = (
				en,
				Base,
			);
			mainGroup = B750EAC721428820005D923B;
			productRefGroup = B750EAD121428820005D923B /* Products */;
			projectDirPath = "";
			projectRoot = "";
			targets = (
				B750EACF21428820005D923B /* mdb_mp1_meettheteam */,
				B750EAE321428822005D923B /* mdb_mp1_meettheteamTests */,
				B750EAEE21428822005D923B /* mdb_mp1_meettheteamUITests */,
			);
		};
/* End PBXProject section */

/* Begin PBXResourcesBuildPhase section */
		B750EACE21428820005D923B /* Resources */ = {
			isa = PBXResourcesBuildPhase;
			buildActionMask = 2147483647;
			files = (
				B750EADE21428822005D923B /* LaunchScreen.storyboard in Resources */,
				B750EADB21428822005D923B /* Assets.xcassets in Resources */,
				B750EAD921428820005D923B /* Main.storyboard in Resources */,
			);
			runOnlyForDeploymentPostprocessing = 0;
		};
		B750EAE221428822005D923B /* Resources */ = {
			isa = PBXResourcesBuildPhase;
			buildActionMask = 2147483647;
			files = (
			);
			runOnlyForDeploymentPostprocessing = 0;
		};
		B750EAED21428822005D923B /* Resources */ = {
			isa = PBXResourcesBuildPhase;
			buildActionMask = 2147483647;
			files = (
			);
			runOnlyForDeploymentPostprocessing = 0;
		};
/* End PBXResourcesBuildPhase section */

/* Begin PBXSourcesBuildPhase section */
		B750EACC21428820005D923B /* Sources */ = {
			isa = PBXSourcesBuildPhase;
			buildActionMask = 2147483647;
			files = (
				B750EAD621428820005D923B /* ViewController.swift in Sources */,
				B750EAD421428820005D923B /* AppDelegate.swift in Sources */,
				B750EB0221428DDB005D923B /* constants.swift in Sources */,
			);
			runOnlyForDeploymentPostprocessing = 0;
		};
		B750EAE021428822005D923B /* Sources */ = {
			isa = PBXSourcesBuildPhase;
			buildActionMask = 2147483647;
			files = (
				B750EAE921428822005D923B /* mdb_mp1_meettheteamTests.swift in Sources */,
			);
			runOnlyForDeploymentPostprocessing = 0;
		};
		B750EAEB21428822005D923B /* Sources */ = {
			isa = PBXSourcesBuildPhase;
			buildActionMask = 2147483647;
			files = (
				B750EAF421428822005D923B /* mdb_mp1_meettheteamUITests.swift in Sources */,
			);
			runOnlyForDeploymentPostprocessing = 0;
		};
/* End PBXSourcesBuildPhase section */

/* Begin PBXTargetDependency section */
		B750EAE621428822005D923B /* PBXTargetDependency */ = {
			isa = PBXTargetDependency;
			target = B750EACF21428820005D923B /* mdb_mp1_meettheteam */;
			targetProxy = B750EAE521428822005D923B /* PBXContainerItemProxy */;
		};
		B750EAF121428822005D923B /* PBXTargetDependency */ = {
			isa = PBXTargetDependency;
			target = B750EACF21428820005D923B /* mdb_mp1_meettheteam */;
			targetProxy = B750EAF021428822005D923B /* PBXContainerItemProxy */;
		};
/* End PBXTargetDependency section */

/* Begin PBXVariantGroup section */
		B750EAD721428820005D923B /* Main.storyboard */ = {
			isa = PBXVariantGroup;
			children = (
				B750EAD821428820005D923B /* Base */,
			);
			name = Main.storyboard;
			sourceTree = "<group>";
		};
		B750EADC21428822005D923B /* LaunchScreen.storyboard */ = {
			isa = PBXVariantGroup;
			children = (
				B750EADD21428822005D923B /* Base */,
			);
			name = LaunchScreen.storyboard;
			sourceTree = "<group>";
		};
/* End PBXVariantGroup section */

/* Begin XCBuildConfiguration section */
		B750EAF621428822005D923B /* Debug */ = {
			isa = XCBuildConfiguration;
			buildSettings = {
				ALWAYS_SEARCH_USER_PATHS = NO;
				CLANG_ANALYZER_NONNULL = YES;
				CLANG_ANALYZER_NUMBER_OBJECT_CONVERSION = YES_AGGRESSIVE;
				CLANG_CXX_LANGUAGE_STANDARD = "gnu++14";
				CLANG_CXX_LIBRARY = "libc++";
				CLANG_ENABLE_MODULES = YES;
				CLANG_ENABLE_OBJC_ARC = YES;
				CLANG_ENABLE_OBJC_WEAK = YES;
				CLANG_WARN_BLOCK_CAPTURE_AUTORELEASING = YES;
				CLANG_WARN_BOOL_CONVERSION = YES;
				CLANG_WARN_COMMA = YES;
				CLANG_WARN_CONSTANT_CONVERSION = YES;
				CLANG_WARN_DEPRECATED_OBJC_IMPLEMENTATIONS = YES;
				CLANG_WARN_DIRECT_OBJC_ISA_USAGE = YES_ERROR;
				CLANG_WARN_DOCUMENTATION_COMMENTS = YES;
				CLANG_WARN_EMPTY_BODY = YES;
				CLANG_WARN_ENUM_CONVERSION = YES;
				CLANG_WARN_INFINITE_RECURSION = YES;
				CLANG_WARN_INT_CONVERSION = YES;
				CLANG_WARN_NON_LITERAL_NULL_CONVERSION = YES;
				CLANG_WARN_OBJC_IMPLICIT_RETAIN_SELF = YES;
				CLANG_WARN_OBJC_LITERAL_CONVERSION = YES;
				CLANG_WARN_OBJC_ROOT_CLASS = YES_ERROR;
				CLANG_WARN_RANGE_LOOP_ANALYSIS = YES;
				CLANG_WARN_STRICT_PROTOTYPES = YES;
				CLANG_WARN_SUSPICIOUS_MOVE = YES;
				CLANG_WARN_UNGUARDED_AVAILABILITY = YES_AGGRESSIVE;
				CLANG_WARN_UNREACHABLE_CODE = YES;
				CLANG_WARN__DUPLICATE_METHOD_MATCH = YES;
				CODE_SIGN_IDENTITY = "iPhone Developer";
				COPY_PHASE_STRIP = NO;
				DEBUG_INFORMATION_FORMAT = dwarf;
				ENABLE_STRICT_OBJC_MSGSEND = YES;
				ENABLE_TESTABILITY = YES;
				GCC_C_LANGUAGE_STANDARD = gnu11;
				GCC_DYNAMIC_NO_PIC = NO;
				GCC_NO_COMMON_BLOCKS = YES;
				GCC_OPTIMIZATION_LEVEL = 0;
				GCC_PREPROCESSOR_DEFINITIONS = (
					"DEBUG=1",
					"$(inherited)",
				);
				GCC_WARN_64_TO_32_BIT_CONVERSION = YES;
				GCC_WARN_ABOUT_RETURN_TYPE = YES_ERROR;
				GCC_WARN_UNDECLARED_SELECTOR = YES;
				GCC_WARN_UNINITIALIZED_AUTOS = YES_AGGRESSIVE;
				GCC_WARN_UNUSED_FUNCTION = YES;
				GCC_WARN_UNUSED_VARIABLE = YES;
				IPHONEOS_DEPLOYMENT_TARGET = 11.4;
				MTL_ENABLE_DEBUG_INFO = YES;
				ONLY_ACTIVE_ARCH = YES;
				SDKROOT = iphoneos;
				SWIFT_ACTIVE_COMPILATION_CONDITIONS = DEBUG;
				SWIFT_OPTIMIZATION_LEVEL = "-Onone";
			};
			name = Debug;
		};
		B750EAF721428822005D923B /* Release */ = {
			isa = XCBuildConfiguration;
			buildSettings = {
				ALWAYS_SEARCH_USER_PATHS = NO;
				CLANG_ANALYZER_NONNULL = YES;
				CLANG_ANALYZER_NUMBER_OBJECT_CONVERSION = YES_AGGRESSIVE;
				CLANG_CXX_LANGUAGE_STANDARD = "gnu++14";
				CLANG_CXX_LIBRARY = "libc++";
				CLANG_ENABLE_MODULES = YES;
				CLANG_ENABLE_OBJC_ARC = YES;
				CLANG_ENABLE_OBJC_WEAK = YES;
				CLANG_WARN_BLOCK_CAPTURE_AUTORELEASING = YES;
				CLANG_WARN_BOOL_CONVERSION = YES;
				CLANG_WARN_COMMA = YES;
				CLANG_WARN_CONSTANT_CONVERSION = YES;
				CLANG_WARN_DEPRECATED_OBJC_IMPLEMENTATIONS = YES;
				CLANG_WARN_DIRECT_OBJC_ISA_USAGE = YES_ERROR;
				CLANG_WARN_DOCUMENTATION_COMMENTS = YES;
				CLANG_WARN_EMPTY_BODY = YES;
				CLANG_WARN_ENUM_CONVERSION = YES;
				CLANG_WARN_INFINITE_RECURSION = YES;
				CLANG_WARN_INT_CONVERSION = YES;
				CLANG_WARN_NON_LITERAL_NULL_CONVERSION = YES;
				CLANG_WARN_OBJC_IMPLICIT_RETAIN_SELF = YES;
				CLANG_WARN_OBJC_LITERAL_CONVERSION = YES;
				CLANG_WARN_OBJC_ROOT_CLASS = YES_ERROR;
				CLANG_WARN_RANGE_LOOP_ANALYSIS = YES;
				CLANG_WARN_STRICT_PROTOTYPES = YES;
				CLANG_WARN_SUSPICIOUS_MOVE = YES;
				CLANG_WARN_UNGUARDED_AVAILABILITY = YES_AGGRESSIVE;
				CLANG_WARN_UNREACHABLE_CODE = YES;
				CLANG_WARN__DUPLICATE_METHOD_MATCH = YES;
				CODE_SIGN_IDENTITY = "iPhone Developer";
				COPY_PHASE_STRIP = NO;
				DEBUG_INFORMATION_FORMAT = "dwarf-with-dsym";
				ENABLE_NS_ASSERTIONS = NO;
				ENABLE_STRICT_OBJC_MSGSEND = YES;
				GCC_C_LANGUAGE_STANDARD = gnu11;
				GCC_NO_COMMON_BLOCKS = YES;
				GCC_WARN_64_TO_32_BIT_CONVERSION = YES;
				GCC_WARN_ABOUT_RETURN_TYPE = YES_ERROR;
				GCC_WARN_UNDECLARED_SELECTOR = YES;
				GCC_WARN_UNINITIALIZED_AUTOS = YES_AGGRESSIVE;
				GCC_WARN_UNUSED_FUNCTION = YES;
				GCC_WARN_UNUSED_VARIABLE = YES;
				IPHONEOS_DEPLOYMENT_TARGET = 11.4;
				MTL_ENABLE_DEBUG_INFO = NO;
				SDKROOT = iphoneos;
				SWIFT_COMPILATION_MODE = wholemodule;
				SWIFT_OPTIMIZATION_LEVEL = "-O";
				VALIDATE_PRODUCT = YES;
			};
			name = Release;
		};
		B750EAF921428822005D923B /* Debug */ = {
			isa = XCBuildConfiguration;
			buildSettings = {
				ASSETCATALOG_COMPILER_APPICON_NAME = AppIcon;
				CODE_SIGN_STYLE = Automatic;
				DEVELOPMENT_TEAM = 9T3JS4TFUB;
				INFOPLIST_FILE = mdb_mp1_meettheteam/Info.plist;
				LD_RUNPATH_SEARCH_PATHS = (
					"$(inherited)",
					"@executable_path/Frameworks",
				);
				PRODUCT_BUNDLE_IDENTIFIER = "mdb-iostraining.mdb-mp1-meettheteam";
				PRODUCT_NAME = "$(TARGET_NAME)";
				SWIFT_VERSION = 4.0;
				TARGETED_DEVICE_FAMILY = "1,2";
			};
			name = Debug;
		};
		B750EAFA21428822005D923B /* Release */ = {
			isa = XCBuildConfiguration;
			buildSettings = {
				ASSETCATALOG_COMPILER_APPICON_NAME = AppIcon;
				CODE_SIGN_STYLE = Automatic;
				DEVELOPMENT_TEAM = 9T3JS4TFUB;
				INFOPLIST_FILE = mdb_mp1_meettheteam/Info.plist;
				LD_RUNPATH_SEARCH_PATHS = (
					"$(inherited)",
					"@executable_path/Frameworks",
				);
				PRODUCT_BUNDLE_IDENTIFIER = "mdb-iostraining.mdb-mp1-meettheteam";
				PRODUCT_NAME = "$(TARGET_NAME)";
				SWIFT_VERSION = 4.0;
				TARGETED_DEVICE_FAMILY = "1,2";
			};
			name = Release;
		};
		B750EAFC21428822005D923B /* Debug */ = {
			isa = XCBuildConfiguration;
			buildSettings = {
				ALWAYS_EMBED_SWIFT_STANDARD_LIBRARIES = YES;
				BUNDLE_LOADER = "$(TEST_HOST)";
				CODE_SIGN_STYLE = Automatic;
				DEVELOPMENT_TEAM = 9T3JS4TFUB;
				INFOPLIST_FILE = mdb_mp1_meettheteamTests/Info.plist;
				LD_RUNPATH_SEARCH_PATHS = (
					"$(inherited)",
					"@executable_path/Frameworks",
					"@loader_path/Frameworks",
				);
				PRODUCT_BUNDLE_IDENTIFIER = "mdb-iostraining.mdb-mp1-meettheteamTests";
				PRODUCT_NAME = "$(TARGET_NAME)";
				SWIFT_VERSION = 4.0;
				TARGETED_DEVICE_FAMILY = "1,2";
				TEST_HOST = "$(BUILT_PRODUCTS_DIR)/mdb_mp1_meettheteam.app/mdb_mp1_meettheteam";
			};
			name = Debug;
		};
		B750EAFD21428822005D923B /* Release */ = {
			isa = XCBuildConfiguration;
			buildSettings = {
				ALWAYS_EMBED_SWIFT_STANDARD_LIBRARIES = YES;
				BUNDLE_LOADER = "$(TEST_HOST)";
				CODE_SIGN_STYLE = Automatic;
				DEVELOPMENT_TEAM = 9T3JS4TFUB;
				INFOPLIST_FILE = mdb_mp1_meettheteamTests/Info.plist;
				LD_RUNPATH_SEARCH_PATHS = (
					"$(inherited)",
					"@executable_path/Frameworks",
					"@loader_path/Frameworks",
				);
				PRODUCT_BUNDLE_IDENTIFIER = "mdb-iostraining.mdb-mp1-meettheteamTests";
				PRODUCT_NAME = "$(TARGET_NAME)";
				SWIFT_VERSION = 4.0;
				TARGETED_DEVICE_FAMILY = "1,2";
				TEST_HOST = "$(BUILT_PRODUCTS_DIR)/mdb_mp1_meettheteam.app/mdb_mp1_meettheteam";
			};
			name = Release;
		};
		B750EAFF21428822005D923B /* Debug */ = {
			isa = XCBuildConfiguration;
			buildSettings = {
				ALWAYS_EMBED_SWIFT_STANDARD_LIBRARIES = YES;
				CODE_SIGN_STYLE = Automatic;
				DEVELOPMENT_TEAM = 9T3JS4TFUB;
				INFOPLIST_FILE = mdb_mp1_meettheteamUITests/Info.plist;
				LD_RUNPATH_SEARCH_PATHS = (
					"$(inherited)",
					"@executable_path/Frameworks",
					"@loader_path/Frameworks",
				);
				PRODUCT_BUNDLE_IDENTIFIER = "mdb-iostraining.mdb-mp1-meettheteamUITests";
				PRODUCT_NAME = "$(TARGET_NAME)";
				SWIFT_VERSION = 4.0;
				TARGETED_DEVICE_FAMILY = "1,2";
				TEST_TARGET_NAME = mdb_mp1_meettheteam;
			};
			name = Debug;
		};
		B750EB0021428822005D923B /* Release */ = {
			isa = XCBuildConfiguration;
			buildSettings = {
				ALWAYS_EMBED_SWIFT_STANDARD_LIBRARIES = YES;
				CODE_SIGN_STYLE = Automatic;
				DEVELOPMENT_TEAM = 9T3JS4TFUB;
				INFOPLIST_FILE = mdb_mp1_meettheteamUITests/Info.plist;
				LD_RUNPATH_SEARCH_PATHS = (
					"$(inherited)",
					"@executable_path/Frameworks",
					"@loader_path/Frameworks",
				);
				PRODUCT_BUNDLE_IDENTIFIER = "mdb-iostraining.mdb-mp1-meettheteamUITests";
				PRODUCT_NAME = "$(TARGET_NAME)";
				SWIFT_VERSION = 4.0;
				TARGETED_DEVICE_FAMILY = "1,2";
				TEST_TARGET_NAME = mdb_mp1_meettheteam;
			};
			name = Release;
		};
/* End XCBuildConfiguration section */

/* Begin XCConfigurationList section */
		B750EACB21428820005D923B /* Build configuration list for PBXProject "mdb_mp1_meettheteam" */ = {
			isa = XCConfigurationList;
			buildConfigurations = (
				B750EAF621428822005D923B /* Debug */,
				B750EAF721428822005D923B /* Release */,
			);
			defaultConfigurationIsVisible = 0;
			defaultConfigurationName = Release;
		};
		B750EAF821428822005D923B /* Build configuration list for PBXNativeTarget "mdb_mp1_meettheteam" */ = {
			isa = XCConfigurationList;
			buildConfigurations = (
				B750EAF921428822005D923B /* Debug */,
				B750EAFA21428822005D923B /* Release */,
			);
			defaultConfigurationIsVisible = 0;
			defaultConfigurationName = Release;
		};
		B750EAFB21428822005D923B /* Build configuration list for PBXNativeTarget "mdb_mp1_meettheteamTests" */ = {
			isa = XCConfigurationList;
			buildConfigurations = (
				B750EAFC21428822005D923B /* Debug */,
				B750EAFD21428822005D923B /* Release */,
			);
			defaultConfigurationIsVisible = 0;
			defaultConfigurationName = Release;
		};
		B750EAFE21428822005D923B /* Build configuration list for PBXNativeTarget "mdb_mp1_meettheteamUITests" */ = {
			isa = XCConfigurationList;
			buildConfigurations = (
				B750EAFF21428822005D923B /* Debug */,
				B750EB0021428822005D923B /* Release */,
			);
			defaultConfigurationIsVisible = 0;
			defaultConfigurationName = Release;
		};
/* End XCConfigurationList section */
	};
	rootObject = B750EAC821428820005D923B /* Project object */;
}
